
Microsoft Visual Studio Solution File, Format Version 12.00
# Visual Studio Version 16
VisualStudioVersion = 16.0.29324.140
MinimumVisualStudioVersion = 10.0.40219.1
Project("{FAE04EC0-301F-11D3-BF4B-00C04F79EFBC}") = "Polymorphism", "Polymorphism\Polymorphism.csproj", "{83A379B8-B11F-4801-B379-7AF00836E0DE}"
EndProject
Global
	GlobalSection(SolutionConfigurationPlatforms) = preSolution
		Debug|Any CPU = Debug|Any CPU
		Release|Any CPU = Release|Any CPU
	EndGlobalSection
	GlobalSection(ProjectConfigurationPlatforms) = postSolution
		{83A379B8-B11F-4801-B379-7AF00836E0DE}.Debug|Any CPU.ActiveCfg = Debug|Any CPU
		{83A379B8-B11F-4801-B379-7AF00836E0DE}.Debug|Any CPU.Build.0 = Debug|Any CPU
		{83A379B8-B11F-4801-B379-7AF00836E0DE}.Release|Any CPU.ActiveCfg = Release|Any CPU
		{83A379B8-B11F-4801-B379-7AF00836E0DE}.Release|Any CPU.Build.0 = Release|Any CPU
	EndGlobalSection
	GlobalSection(SolutionProperties) = preSolution
		HideSolutionNode = FALSE
	EndGlobalSection
	GlobalSection(ExtensibilityGlobals) = postSolution
		SolutionGuid = {CE5736CD-7AE1-4355-AC02-8CA352756470}
	EndGlobalSection
EndGlobal
